// !$*UTF8*$!
{
	archiveVersion = 1;
	classes = {
	};
	objectVersion = 46;
	objects = {

/* Begin PBXBuildFile section */
		995246271D868A3500829151 /* AppDelegate.swift in Sources */ = {isa = PBXBuildFile; fileRef = 995246261D868A3500829151 /* AppDelegate.swift */; };
		995246291D868A3500829151 /* ViewController.swift in Sources */ = {isa = PBXBuildFile; fileRef = 995246281D868A3500829151 /* ViewController.swift */; };
		9952462C1D868A3500829151 /* Main.storyboard in Resources */ = {isa = PBXBuildFile; fileRef = 9952462A1D868A3500829151 /* Main.storyboard */; };
		9952462E1D868A3500829151 /* Assets.xcassets in Resources */ = {isa = PBXBuildFile; fileRef = 9952462D1D868A3500829151 /* Assets.xcassets */; };
		995246311D868A3600829151 /* LaunchScreen.storyboard in Resources */ = {isa = PBXBuildFile; fileRef = 9952462F1D868A3600829151 /* LaunchScreen.storyboard */; };
		995246391D869DD100829151 /* logo.png in Resources */ = {isa = PBXBuildFile; fileRef = 995246381D869DD100829151 /* logo.png */; };
		999010EF1E55EB3000A9CADE /* Default-568h@2x.png in Resources */ = {isa = PBXBuildFile; fileRef = 999010EE1E55EB3000A9CADE /* Default-568h@2x.png */; };
/* End PBXBuildFile section */

/* Begin PBXFileReference section */
		995246231D868A3500829151 /* CompreSemFila.app */ = {isa = PBXFileReference; explicitFileType = wrapper.application; includeInIndex = 0; path = CompreSemFila.app; sourceTree = BUILT_PRODUCTS_DIR; };
		995246261D868A3500829151 /* AppDelegate.swift */ = {isa = PBXFileReference; lastKnownFileType = sourcecode.swift; path = AppDelegate.swift; sourceTree = "<group>"; };
		995246281D868A3500829151 /* ViewController.swift */ = {isa = PBXFileReference; lastKnownFileType = sourcecode.swift; path = ViewController.swift; sourceTree = "<group>"; };
		9952462B1D868A3500829151 /* Base */ = {isa = PBXFileReference; lastKnownFileType = file.storyboard; name = Base; path = Base.lproj/Main.storyboard; sourceTree = "<group>"; };
		9952462D1D868A3500829151 /* Assets.xcassets */ = {isa = PBXFileReference; lastKnownFileType = folder.assetcatalog; path = Assets.xcassets; sourceTree = "<group>"; };
		995246301D868A3600829151 /* Base */ = {isa = PBXFileReference; lastKnownFileType = file.storyboard; name = Base; path = Base.lproj/LaunchScreen.storyboard; sourceTree = "<group>"; };
		995246321D868A3600829151 /* Info.plist */ = {isa = PBXFileReference; lastKnownFileType = text.plist.xml; path = Info.plist; sourceTree = "<group>"; };
		995246381D869DD100829151 /* logo.png */ = {isa = PBXFileReference; lastKnownFileType = image.png; path = logo.png; sourceTree = "<group>"; };
		999010EE1E55EB3000A9CADE /* Default-568h@2x.png */ = {isa = PBXFileReference; lastKnownFileType = image.png; path = "Default-568h@2x.png"; sourceTree = "<group>"; };
/* End PBXFileReference section */

/* Begin PBXFrameworksBuildPhase section */
		995246201D868A3500829151 /* Frameworks */ = {
			isa = PBXFrameworksBuildPhase;
			buildActionMask = 2147483647;
			files = (
			);
			runOnlyForDeploymentPostprocessing = 0;
		};
/* End PBXFrameworksBuildPhase section */

/* Begin PBXGroup section */
		9952461A1D868A3500829151 = {
			isa = PBXGroup;
			children = (
				999010EE1E55EB3000A9CADE /* Default-568h@2x.png */,
				995246251D868A3500829151 /* CompreSemFila */,
				995246241D868A3500829151 /* Products */,
			);
			sourceTree = "<group>";
		};
		995246241D868A3500829151 /* Products */ = {
			isa = PBXGroup;
			children = (
				995246231D868A3500829151 /* CompreSemFila.app */,
			);
			name = Products;
			sourceTree = "<group>";
		};
		995246251D868A3500829151 /* CompreSemFila */ = {
			isa = PBXGroup;
			children = (
				995246261D868A3500829151 /* AppDelegate.swift */,
				995246281D868A3500829151 /* ViewController.swift */,
				9952462A1D868A3500829151 /* Main.storyboard */,
				9952462D1D868A3500829151 /* Assets.xcassets */,
				9952462F1D868A3600829151 /* LaunchScreen.storyboard */,
				995246381D869DD100829151 /* logo.png */,
				995246321D868A3600829151 /* Info.plist */,
			);
			path = CompreSemFila;
			sourceTree = "<group>";
		};
/* End PBXGroup section */

/* Begin PBXNativeTarget section */
		995246221D868A3500829151 /* CompreSemFila */ = {
			isa = PBXNativeTarget;
			buildConfigurationList = 995246351D868A3600829151 /* Build configuration list for PBXNativeTarget "CompreSemFila" */;
			buildPhases = (
				9952461F1D868A3500829151 /* Sources */,
				995246201D868A3500829151 /* Frameworks */,
				995246211D868A3500829151 /* Resources */,
			);
			buildRules = (
			);
			dependencies = (
			);
			name = CompreSemFila;
			productName = CompreSemFila;
			productReference = 995246231D868A3500829151 /* CompreSemFila.app */;
			productType = "com.apple.product-type.application";
		};
/* End PBXNativeTarget section */

/* Begin PBXProject section */
		9952461B1D868A3500829151 /* Project object */ = {
			isa = PBXProject;
			attributes = {
				LastSwiftUpdateCheck = 0730;
				LastUpgradeCheck = 0800;
				ORGANIZATIONNAME = SupermercadoSantaRita;
				TargetAttributes = {
					995246221D868A3500829151 = {
						CreatedOnToolsVersion = 7.3.1;
						DevelopmentTeam = 9F7GDT28Z2;
						LastSwiftMigration = 0800;
					};
				};
			};
			buildConfigurationList = 9952461E1D868A3500829151 /* Build configuration list for PBXProject "CompreSemFila" */;
			compatibilityVersion = "Xcode 3.2";
			developmentRegion = English;
			hasScannedForEncodings = 0;
			knownRegions = (
				en,
				Base,
			);
			mainGroup = 9952461A1D868A3500829151;
			productRefGroup = 995246241D868A3500829151 /* Products */;
			projectDirPath = "";
			projectRoot = "";
			targets = (
				995246221D868A3500829151 /* CompreSemFila */,
			);
		};
/* End PBXProject section */

/* Begin PBXResourcesBuildPhase section */
		995246211D868A3500829151 /* Resources */ = {
			isa = PBXResourcesBuildPhase;
			buildActionMask = 2147483647;
			files = (
				995246391D869DD100829151 /* logo.png in Resources */,
				995246311D868A3600829151 /* LaunchScreen.storyboard in Resources */,
				9952462E1D868A3500829151 /* Assets.xcassets in Resources */,
				999010EF1E55EB3000A9CADE /* Default-568h@2x.png in Resources */,
				9952462C1D868A3500829151 /* Main.storyboard in Resources */,
			);
			runOnlyForDeploymentPostprocessing = 0;
		};
/* End PBXResourcesBuildPhase section */

/* Begin PBXSourcesBuildPhase section */
		9952461F1D868A3500829151 /* Sources */ = {
			isa = PBXSourcesBuildPhase;
			buildActionMask = 2147483647;
			files = (
				995246291D868A3500829151 /* ViewController.swift in Sources */,
				995246271D868A3500829151 /* AppDelegate.swift in Sources */,
			);
			runOnlyForDeploymentPostprocessing = 0;
		};
/* End PBXSourcesBuildPhase section */

/* Begin PBXVariantGroup section */
		9952462A1D868A3500829151 /* Main.storyboard */ = {
			isa = PBXVariantGroup;
			children = (
				9952462B1D868A3500829151 /* Base */,
			);
			name = Main.storyboard;
			sourceTree = "<group>";
		};
		9952462F1D868A3600829151 /* LaunchScreen.storyboard */ = {
			isa = PBXVariantGroup;
			children = (
				995246301D868A3600829151 /* Base */,
			);
			name = LaunchScreen.storyboard;
			sourceTree = "<group>";
		};
/* End PBXVariantGroup section */

/* Begin XCBuildConfiguration section */
		995246331D868A3600829151 /* Debug */ = {
			isa = XCBuildConfiguration;
			buildSettings = {
				ALWAYS_SEARCH_USER_PATHS = NO;
				CLANG_ANALYZER_NONNULL = YES;
				CLANG_CXX_LANGUAGE_STANDARD = "gnu++0x";
				CLANG_CXX_LIBRARY = "libc++";
				CLANG_ENABLE_MODULES = YES;
				CLANG_ENABLE_OBJC_ARC = YES;
				CLANG_WARN_BOOL_CONVERSION = YES;
				CLANG_WARN_CONSTANT_CONVERSION = YES;
				CLANG_WARN_DIRECT_OBJC_ISA_USAGE = YES_ERROR;
				CLANG_WARN_EMPTY_BODY = YES;
				CLANG_WARN_ENUM_CONVERSION = YES;
				CLANG_WARN_INFINITE_RECURSION = YES;
				CLANG_WARN_INT_CONVERSION = YES;
				CLANG_WARN_OBJC_ROOT_CLASS = YES_ERROR;
				CLANG_WARN_SUSPICIOUS_MOVE = YES;
				CLANG_WARN_UNREACHABLE_CODE = YES;
				CLANG_WARN__DUPLICATE_METHOD_MATCH = YES;
				"CODE_SIGN_IDENTITY[sdk=iphoneos*]" = "iPhone Developer";
				COPY_PHASE_STRIP = NO;
				DEBUG_INFORMATION_FORMAT = dwarf;
				ENABLE_STRICT_OBJC_MSGSEND = YES;
				ENABLE_TESTABILITY = YES;
				GCC_C_LANGUAGE_STANDARD = gnu99;
				GCC_DYNAMIC_NO_PIC = NO;
				GCC_NO_COMMON_BLOCKS = YES;
				GCC_OPTIMIZATION_LEVEL = 0;
				GCC_PREPROCESSOR_DEFINITIONS = (
					"DEBUG=1",
					"$(inherited)",
				);
				GCC_WARN_64_TO_32_BIT_CONVERSION = YES;
				GCC_WARN_ABOUT_RETURN_TYPE = YES_ERROR;
				GCC_WARN_UNDECLARED_SELECTOR = YES;
				GCC_WARN_UNINITIALIZED_AUTOS = YES_AGGRESSIVE;
				GCC_WARN_UNUSED_FUNCTION = YES;
				GCC_WARN_UNUSED_VARIABLE = YES;
				IPHONEOS_DEPLOYMENT_TARGET = 9.3;
				MTL_ENABLE_DEBUG_INFO = YES;
				ONLY_ACTIVE_ARCH = YES;
				SDKROOT = iphoneos;
				SWIFT_OPTIMIZATION_LEVEL = "-Onone";
				TARGETED_DEVICE_FAMILY = "1,2";
			};
			name = Debug;
		};
		995246341D868A3600829151 /* Release */ = {
			isa = XCBuildConfiguration;
			buildSettings = {
				ALWAYS_SEARCH_USER_PATHS = NO;
				CLANG_ANALYZER_NONNULL = YES;
				CLANG_CXX_LANGUAGE_STANDARD = "gnu++0x";
				CLANG_CXX_LIBRARY = "libc++";
				CLANG_ENABLE_MODULES = YES;
				CLANG_ENABLE_OBJC_ARC = YES;
				CLANG_WARN_BOOL_CONVERSION = YES;
				CLANG_WARN_CONSTANT_CONVERSION = YES;
				CLANG_WARN_DIRECT_OBJC_ISA_USAGE = YES_ERROR;
				CLANG_WARN_EMPTY_BODY = YES;
				CLANG_WARN_ENUM_CONVERSION = YES;
				CLANG_WARN_INFINITE_RECURSION = YES;
				CLANG_WARN_INT_CONVERSION = YES;
				CLANG_WARN_OBJC_ROOT_CLASS = YES_ERROR;
				CLANG_WARN_SUSPICIOUS_MOVE = YES;
				CLANG_WARN_UNREACHABLE_CODE = YES;
				CLANG_WARN__DUPLICATE_METHOD_MATCH = YES;
				"CODE_SIGN_IDENTITY[sdk=iphoneos*]" = "iPhone Developer";
				COPY_PHASE_STRIP = NO;
				DEBUG_INFORMATION_FORMAT = "dwarf-with-dsym";
				ENABLE_NS_ASSERTIONS = NO;
				ENABLE_STRICT_OBJC_MSGSEND = YES;
				GCC_C_LANGUAGE_STANDARD = gnu99;
				GCC_NO_COMMON_BLOCKS = YES;
				GCC_WARN_64_TO_32_BIT_CONVERSION = YES;
				GCC_WARN_ABOUT_RETURN_TYPE = YES_ERROR;
				GCC_WARN_UNDECLARED_SELECTOR = YES;
				GCC_WARN_UNINITIALIZED_AUTOS = YES_AGGRESSIVE;
				GCC_WARN_UNUSED_FUNCTION = YES;
				GCC_WARN_UNUSED_VARIABLE = YES;
				IPHONEOS_DEPLOYMENT_TARGET = 9.3;
				MTL_ENABLE_DEBUG_INFO = NO;
				SDKROOT = iphoneos;
				SWIFT_OPTIMIZATION_LEVEL = "-Owholemodule";
				TARGETED_DEVICE_FAMILY = "1,2";
				VALIDATE_PRODUCT = YES;
			};
			name = Release;
		};
		995246361D868A3600829151 /* Debug */ = {
			isa = XCBuildConfiguration;
			buildSettings = {
				ASSETCATALOG_COMPILER_APPICON_NAME = AppIcon;
				CODE_SIGN_IDENTITY = "iPhone Developer";
				"CODE_SIGN_IDENTITY[sdk=iphoneos*]" = "iPhone Developer";
				INFOPLIST_FILE = CompreSemFila/Info.plist;
				LD_RUNPATH_SEARCH_PATHS = "$(inherited) @executable_path/Frameworks";
				PRODUCT_BUNDLE_IDENTIFIER = br.com.compresemfila.compresemfila;
				PRODUCT_NAME = "$(TARGET_NAME)";
				PROVISIONING_PROFILE = "";
				SWIFT_VERSION = 3.0;
			};
			name = Debug;
		};
		995246371D868A3600829151 /* Release */ = {
			isa = XCBuildConfiguration;
			buildSettings = {
				ASSETCATALOG_COMPILER_APPICON_NAME = AppIcon;
				CODE_SIGN_IDENTITY = "iPhone Developer";
				"CODE_SIGN_IDENTITY[sdk=iphoneos*]" = "iPhone Developer";
				INFOPLIST_FILE = CompreSemFila/Info.plist;
				LD_RUNPATH_SEARCH_PATHS = "$(inherited) @executable_path/Frameworks";
				PRODUCT_BUNDLE_IDENTIFIER = br.com.compresemfila.compresemfila;
				PRODUCT_NAME = "$(TARGET_NAME)";
				PROVISIONING_PROFILE = "";
				SWIFT_VERSION = 3.0;
			};
			name = Release;
		};
/* End XCBuildConfiguration section */

/* Begin XCConfigurationList section */
		9952461E1D868A3500829151 /* Build configuration list for PBXProject "CompreSemFila" */ = {
			isa = XCConfigurationList;
			buildConfigurations = (
				995246331D868A3600829151 /* Debug */,
				995246341D868A3600829151 /* Release */,
			);
			defaultConfigurationIsVisible = 0;
			defaultConfigurationName = Release;
		};
		995246351D868A3600829151 /* Build configuration list for PBXNativeTarget "CompreSemFila" */ = {
			isa = XCConfigurationList;
			buildConfigurations = (
				995246361D868A3600829151 /* Debug */,
				995246371D868A3600829151 /* Release */,
			);
			defaultConfigurationIsVisible = 0;
			defaultConfigurationName = Release;
		};
/* End XCConfigurationList section */
	};
	rootObject = 9952461B1D868A3500829151 /* Project object */;
}
